{
    "_readme": [
        "This file locks the dependencies of your project to a known state",
        "Read more about it at https://getcomposer.org/doc/01-basic-usage.md#composer-lock-the-lock-file",
        "This file is @generated automatically"
    ],
    "content-hash": "4a0cafa984053940aab15ebe71900894",
    "packages": [
        {
            "name": "davidecaruso/jasper-php",
            "version": "v1.0.2",
            "source": {
                "type": "git",
                "url": "https://github.com/davidecaruso/jasper-php.git",
                "reference": "b12d8b6cf345d222977ca8414a9c126771d4ed67"
            },
            "dist": {
                "type": "zip",
                "url": "https://api.github.com/repos/davidecaruso/jasper-php/zipball/b12d8b6cf345d222977ca8414a9c126771d4ed67",
                "reference": "b12d8b6cf345d222977ca8414a9c126771d4ed67",
                "shasum": ""
            },
            "require": {
                "php": ">=7.0.0"
            },
            "require-dev": {
                "codeception/aspect-mock": "^2.1",
                "codeception/codeception": "^2.3"
            },
            "type": "library",
            "autoload": {
                "psr-4": {
                    "JasperPHP\\": "src/JasperPHP/"
                }
            },
            "notification-url": "https://packagist.org/downloads/",
            "license": [
                "MIT"
            ],
            "authors": [
                {
                    "name": "Davide Caruso",
                    "email": "davide.caruso93@gmail.com"
                }
            ],
            "description": "PHP library to execute Jasper Reports",
            "time": "2018-02-05T16:56:30+00:00"
        }
    ],
    "packages-dev": [],
    "aliases": [],
    "minimum-stability": "stable",
    "stability-flags": [],
    "prefer-stable": false,
    "prefer-lowest": false,
    "platform": [],
    "platform-dev": []
}
